// !$*UTF8*$!
{
	archiveVersion = 1;
	classes = {
	};
	objectVersion = 46;
	objects = {

/* Begin PBXBuildFile section */
		81200BFA14DBF584003EF101 /* Cocoa.framework in Frameworks */ = {isa = PBXBuildFile; fileRef = 81200BF914DBF584003EF101 /* Cocoa.framework */; };
		81200C0414DBF585003EF101 /* InfoPlist.strings in Resources */ = {isa = PBXBuildFile; fileRef = 81200C0214DBF585003EF101 /* InfoPlist.strings */; };
		81200C0814DBF585003EF101 /* Bunjee.m in Sources */ = {isa = PBXBuildFile; fileRef = 81200C0714DBF585003EF101 /* Bunjee.m */; };
		81200C1014DBF585003EF101 /* SenTestingKit.framework in Frameworks */ = {isa = PBXBuildFile; fileRef = 81200C0F14DBF585003EF101 /* SenTestingKit.framework */; };
		81200C1114DBF585003EF101 /* Cocoa.framework in Frameworks */ = {isa = PBXBuildFile; fileRef = 81200BF914DBF584003EF101 /* Cocoa.framework */; };
		81200C1414DBF585003EF101 /* Bunjee.framework in Frameworks */ = {isa = PBXBuildFile; fileRef = 81200BF614DBF584003EF101 /* Bunjee.framework */; };
		81200C1A14DBF585003EF101 /* InfoPlist.strings in Resources */ = {isa = PBXBuildFile; fileRef = 81200C1814DBF585003EF101 /* InfoPlist.strings */; };
		81200C1D14DBF585003EF101 /* BunjeeTests.m in Sources */ = {isa = PBXBuildFile; fileRef = 81200C1C14DBF585003EF101 /* BunjeeTests.m */; };
		81200C2C14DBF5E3003EF101 /* Cocoa.framework in Frameworks */ = {isa = PBXBuildFile; fileRef = 81200BF914DBF584003EF101 /* Cocoa.framework */; };
		81200C3214DBF5E3003EF101 /* InfoPlist.strings in Resources */ = {isa = PBXBuildFile; fileRef = 81200C3014DBF5E3003EF101 /* InfoPlist.strings */; };
		81200C3614DBF5E3003EF101 /* BunjeeUI.m in Sources */ = {isa = PBXBuildFile; fileRef = 81200C3514DBF5E3003EF101 /* BunjeeUI.m */; };
		81200C3D14DBF5E3003EF101 /* SenTestingKit.framework in Frameworks */ = {isa = PBXBuildFile; fileRef = 81200C0F14DBF585003EF101 /* SenTestingKit.framework */; };
		81200C3E14DBF5E3003EF101 /* Cocoa.framework in Frameworks */ = {isa = PBXBuildFile; fileRef = 81200BF914DBF584003EF101 /* Cocoa.framework */; };
		81200C4114DBF5E3003EF101 /* BunjeeUI.framework in Frameworks */ = {isa = PBXBuildFile; fileRef = 81200C2B14DBF5E3003EF101 /* BunjeeUI.framework */; };
		81200C4714DBF5E3003EF101 /* InfoPlist.strings in Resources */ = {isa = PBXBuildFile; fileRef = 81200C4514DBF5E3003EF101 /* InfoPlist.strings */; };
		81200C4A14DBF5E3003EF101 /* BunjeeUITests.m in Sources */ = {isa = PBXBuildFile; fileRef = 81200C4914DBF5E3003EF101 /* BunjeeUITests.m */; };
		81200C6614DBF70C003EF101 /* BJCase.h in Headers */ = {isa = PBXBuildFile; fileRef = 81200C5114DBF70C003EF101 /* BJCase.h */; };
		81200C6714DBF70C003EF101 /* BJCase.mm in Sources */ = {isa = PBXBuildFile; fileRef = 81200C5214DBF70C003EF101 /* BJCase.mm */; };
		81200C6814DBF70C003EF101 /* BJController.h in Headers */ = {isa = PBXBuildFile; fileRef = 81200C5314DBF70C003EF101 /* BJController.h */; };
		81200C6914DBF70C003EF101 /* BJController.mm in Sources */ = {isa = PBXBuildFile; fileRef = 81200C5414DBF70C003EF101 /* BJController.mm */; };
		81200C6A14DBF70C003EF101 /* BJData.h in Headers */ = {isa = PBXBuildFile; fileRef = 81200C5514DBF70C003EF101 /* BJData.h */; };
		81200C6B14DBF70C003EF101 /* BJData.mm in Sources */ = {isa = PBXBuildFile; fileRef = 81200C5614DBF70C003EF101 /* BJData.mm */; };
		81200C6C14DBF70C003EF101 /* BJDataDisplay.h in Headers */ = {isa = PBXBuildFile; fileRef = 81200C5714DBF70C003EF101 /* BJDataDisplay.h */; };
		81200C6D14DBF70C003EF101 /* BJDataDisplay.mm in Sources */ = {isa = PBXBuildFile; fileRef = 81200C5814DBF70C003EF101 /* BJDataDisplay.mm */; };
		81200C6E14DBF70C003EF101 /* BJOperation.h in Headers */ = {isa = PBXBuildFile; fileRef = 81200C5914DBF70C003EF101 /* BJOperation.h */; };
		81200C6F14DBF70C003EF101 /* BJOperation.m in Sources */ = {isa = PBXBuildFile; fileRef = 81200C5A14DBF70C003EF101 /* BJOperation.m */; };
		81200C7014DBF70C003EF101 /* BJScene.h in Headers */ = {isa = PBXBuildFile; fileRef = 81200C5B14DBF70C003EF101 /* BJScene.h */; };
		81200C7114DBF70C003EF101 /* BJScene.mm in Sources */ = {isa = PBXBuildFile; fileRef = 81200C5C14DBF70C003EF101 /* BJScene.mm */; };
		81200C7214DBF70C003EF101 /* BJWorkspace.h in Headers */ = {isa = PBXBuildFile; fileRef = 81200C5D14DBF70C003EF101 /* BJWorkspace.h */; };
		81200C7314DBF70C003EF101 /* BJWorkspace.mm in Sources */ = {isa = PBXBuildFile; fileRef = 81200C5E14DBF70C003EF101 /* BJWorkspace.mm */; };
		81200C7414DBF70C003EF101 /* BJWorkspaceController.h in Headers */ = {isa = PBXBuildFile; fileRef = 81200C5F14DBF70C003EF101 /* BJWorkspaceController.h */; };
		81200C7514DBF70C003EF101 /* BJWorkspaceController.mm in Sources */ = {isa = PBXBuildFile; fileRef = 81200C6014DBF70C003EF101 /* BJWorkspaceController.mm */; };
		81200C7614DBF70C003EF101 /* vtkBJImagePlaneWidget.h in Headers */ = {isa = PBXBuildFile; fileRef = 81200C6114DBF70C003EF101 /* vtkBJImagePlaneWidget.h */; };
		81200C7714DBF70C003EF101 /* VTKSceneView.h in Headers */ = {isa = PBXBuildFile; fileRef = 81200C6214DBF70C003EF101 /* VTKSceneView.h */; };
		81200C7814DBF70C003EF101 /* VTKSceneView.mm in Sources */ = {isa = PBXBuildFile; fileRef = 81200C6314DBF70C003EF101 /* VTKSceneView.mm */; };
		81200C7914DBF70C003EF101 /* VTKView.h in Headers */ = {isa = PBXBuildFile; fileRef = 81200C6414DBF70C003EF101 /* VTKView.h */; };
		81200C7A14DBF70C003EF101 /* VTKView.mm in Sources */ = {isa = PBXBuildFile; fileRef = 81200C6514DBF70C003EF101 /* VTKView.mm */; };
		81200C7C14DBF7C1003EF101 /* Todo.md in Resources */ = {isa = PBXBuildFile; fileRef = 81200C7B14DBF7C0003EF101 /* Todo.md */; };
		81200C7E14DBF96B003EF101 /* WorkspaceSaveSceneAsAccessoryView.xib in Resources */ = {isa = PBXBuildFile; fileRef = 81200C7D14DBF96A003EF101 /* WorkspaceSaveSceneAsAccessoryView.xib */; };
/* End PBXBuildFile section */

/* Begin PBXContainerItemProxy section */
		81200C1214DBF585003EF101 /* PBXContainerItemProxy */ = {
			isa = PBXContainerItemProxy;
			containerPortal = 81200BEC14DBF584003EF101 /* Project object */;
			proxyType = 1;
			remoteGlobalIDString = 81200BF514DBF584003EF101;
			remoteInfo = Bunjee;
		};
		81200C3F14DBF5E3003EF101 /* PBXContainerItemProxy */ = {
			isa = PBXContainerItemProxy;
			containerPortal = 81200BEC14DBF584003EF101 /* Project object */;
			proxyType = 1;
			remoteGlobalIDString = 81200C2A14DBF5E3003EF101;
			remoteInfo = BunjeeUI;
		};
/* End PBXContainerItemProxy section */

/* Begin PBXFileReference section */
		81200BF614DBF584003EF101 /* Bunjee.framework */ = {isa = PBXFileReference; explicitFileType = wrapper.framework; includeInIndex = 0; path = Bunjee.framework; sourceTree = BUILT_PRODUCTS_DIR; };
		81200BF914DBF584003EF101 /* Cocoa.framework */ = {isa = PBXFileReference; lastKnownFileType = wrapper.framework; name = Cocoa.framework; path = System/Library/Frameworks/Cocoa.framework; sourceTree = SDKROOT; };
		81200BFC14DBF584003EF101 /* AppKit.framework */ = {isa = PBXFileReference; lastKnownFileType = wrapper.framework; name = AppKit.framework; path = System/Library/Frameworks/AppKit.framework; sourceTree = SDKROOT; };
		81200BFD14DBF585003EF101 /* CoreData.framework */ = {isa = PBXFileReference; lastKnownFileType = wrapper.framework; name = CoreData.framework; path = System/Library/Frameworks/CoreData.framework; sourceTree = SDKROOT; };
		81200BFE14DBF585003EF101 /* Foundation.framework */ = {isa = PBXFileReference; lastKnownFileType = wrapper.framework; name = Foundation.framework; path = System/Library/Frameworks/Foundation.framework; sourceTree = SDKROOT; };
		81200C0114DBF585003EF101 /* Bunjee-Info.plist */ = {isa = PBXFileReference; lastKnownFileType = text.plist.xml; path = "Bunjee-Info.plist"; sourceTree = "<group>"; };
		81200C0314DBF585003EF101 /* en */ = {isa = PBXFileReference; lastKnownFileType = text.plist.strings; name = en; path = en.lproj/InfoPlist.strings; sourceTree = "<group>"; };
		81200C0514DBF585003EF101 /* Bunjee-Prefix.pch */ = {isa = PBXFileReference; lastKnownFileType = sourcecode.c.h; path = "Bunjee-Prefix.pch"; sourceTree = "<group>"; };
		81200C0614DBF585003EF101 /* Bunjee.h */ = {isa = PBXFileReference; lastKnownFileType = sourcecode.c.h; path = Bunjee.h; sourceTree = "<group>"; };
		81200C0714DBF585003EF101 /* Bunjee.m */ = {isa = PBXFileReference; lastKnownFileType = sourcecode.c.objc; path = Bunjee.m; sourceTree = "<group>"; };
		81200C0E14DBF585003EF101 /* BunjeeTests.octest */ = {isa = PBXFileReference; explicitFileType = wrapper.cfbundle; includeInIndex = 0; path = BunjeeTests.octest; sourceTree = BUILT_PRODUCTS_DIR; };
		81200C0F14DBF585003EF101 /* SenTestingKit.framework */ = {isa = PBXFileReference; lastKnownFileType = wrapper.framework; name = SenTestingKit.framework; path = Library/Frameworks/SenTestingKit.framework; sourceTree = DEVELOPER_DIR; };
		81200C1714DBF585003EF101 /* BunjeeTests-Info.plist */ = {isa = PBXFileReference; lastKnownFileType = text.plist.xml; path = "BunjeeTests-Info.plist"; sourceTree = "<group>"; };
		81200C1914DBF585003EF101 /* en */ = {isa = PBXFileReference; lastKnownFileType = text.plist.strings; name = en; path = en.lproj/InfoPlist.strings; sourceTree = "<group>"; };
		81200C1B14DBF585003EF101 /* BunjeeTests.h */ = {isa = PBXFileReference; lastKnownFileType = sourcecode.c.h; path = BunjeeTests.h; sourceTree = "<group>"; };
		81200C1C14DBF585003EF101 /* BunjeeTests.m */ = {isa = PBXFileReference; lastKnownFileType = sourcecode.c.objc; path = BunjeeTests.m; sourceTree = "<group>"; };
		81200C2B14DBF5E3003EF101 /* BunjeeUI.framework */ = {isa = PBXFileReference; explicitFileType = wrapper.framework; includeInIndex = 0; path = BunjeeUI.framework; sourceTree = BUILT_PRODUCTS_DIR; };
		81200C2F14DBF5E3003EF101 /* BunjeeUI-Info.plist */ = {isa = PBXFileReference; lastKnownFileType = text.plist.xml; path = "BunjeeUI-Info.plist"; sourceTree = "<group>"; };
		81200C3114DBF5E3003EF101 /* en */ = {isa = PBXFileReference; lastKnownFileType = text.plist.strings; name = en; path = en.lproj/InfoPlist.strings; sourceTree = "<group>"; };
		81200C3314DBF5E3003EF101 /* BunjeeUI-Prefix.pch */ = {isa = PBXFileReference; lastKnownFileType = sourcecode.c.h; path = "BunjeeUI-Prefix.pch"; sourceTree = "<group>"; };
		81200C3414DBF5E3003EF101 /* BunjeeUI.h */ = {isa = PBXFileReference; lastKnownFileType = sourcecode.c.h; path = BunjeeUI.h; sourceTree = "<group>"; };
		81200C3514DBF5E3003EF101 /* BunjeeUI.m */ = {isa = PBXFileReference; lastKnownFileType = sourcecode.c.objc; path = BunjeeUI.m; sourceTree = "<group>"; };
		81200C3C14DBF5E3003EF101 /* BunjeeUITests.octest */ = {isa = PBXFileReference; explicitFileType = wrapper.cfbundle; includeInIndex = 0; path = BunjeeUITests.octest; sourceTree = BUILT_PRODUCTS_DIR; };
		81200C4414DBF5E3003EF101 /* BunjeeUITests-Info.plist */ = {isa = PBXFileReference; lastKnownFileType = text.plist.xml; path = "BunjeeUITests-Info.plist"; sourceTree = "<group>"; };
		81200C4614DBF5E3003EF101 /* en */ = {isa = PBXFileReference; lastKnownFileType = text.plist.strings; name = en; path = en.lproj/InfoPlist.strings; sourceTree = "<group>"; };
		81200C4814DBF5E3003EF101 /* BunjeeUITests.h */ = {isa = PBXFileReference; lastKnownFileType = sourcecode.c.h; path = BunjeeUITests.h; sourceTree = "<group>"; };
		81200C4914DBF5E3003EF101 /* BunjeeUITests.m */ = {isa = PBXFileReference; lastKnownFileType = sourcecode.c.objc; path = BunjeeUITests.m; sourceTree = "<group>"; };
		81200C5114DBF70C003EF101 /* BJCase.h */ = {isa = PBXFileReference; fileEncoding = 4; lastKnownFileType = sourcecode.c.h; path = BJCase.h; sourceTree = "<group>"; };
		81200C5214DBF70C003EF101 /* BJCase.mm */ = {isa = PBXFileReference; fileEncoding = 4; lastKnownFileType = sourcecode.cpp.objcpp; path = BJCase.mm; sourceTree = "<group>"; };
		81200C5314DBF70C003EF101 /* BJController.h */ = {isa = PBXFileReference; fileEncoding = 4; lastKnownFileType = sourcecode.c.h; path = BJController.h; sourceTree = "<group>"; };
		81200C5414DBF70C003EF101 /* BJController.mm */ = {isa = PBXFileReference; fileEncoding = 4; lastKnownFileType = sourcecode.cpp.objcpp; path = BJController.mm; sourceTree = "<group>"; };
		81200C5514DBF70C003EF101 /* BJData.h */ = {isa = PBXFileReference; fileEncoding = 4; lastKnownFileType = sourcecode.c.h; path = BJData.h; sourceTree = "<group>"; };
		81200C5614DBF70C003EF101 /* BJData.mm */ = {isa = PBXFileReference; fileEncoding = 4; lastKnownFileType = sourcecode.cpp.objcpp; path = BJData.mm; sourceTree = "<group>"; };
		81200C5714DBF70C003EF101 /* BJDataDisplay.h */ = {isa = PBXFileReference; fileEncoding = 4; lastKnownFileType = sourcecode.c.h; path = BJDataDisplay.h; sourceTree = "<group>"; };
		81200C5814DBF70C003EF101 /* BJDataDisplay.mm */ = {isa = PBXFileReference; fileEncoding = 4; lastKnownFileType = sourcecode.cpp.objcpp; path = BJDataDisplay.mm; sourceTree = "<group>"; };
		81200C5914DBF70C003EF101 /* BJOperation.h */ = {isa = PBXFileReference; fileEncoding = 4; lastKnownFileType = sourcecode.c.h; path = BJOperation.h; sourceTree = "<group>"; };
		81200C5A14DBF70C003EF101 /* BJOperation.m */ = {isa = PBXFileReference; fileEncoding = 4; lastKnownFileType = sourcecode.c.objc; path = BJOperation.m; sourceTree = "<group>"; };
		81200C5B14DBF70C003EF101 /* BJScene.h */ = {isa = PBXFileReference; fileEncoding = 4; lastKnownFileType = sourcecode.c.h; path = BJScene.h; sourceTree = "<group>"; };
		81200C5C14DBF70C003EF101 /* BJScene.mm */ = {isa = PBXFileReference; fileEncoding = 4; lastKnownFileType = sourcecode.cpp.objcpp; path = BJScene.mm; sourceTree = "<group>"; };
		81200C5D14DBF70C003EF101 /* BJWorkspace.h */ = {isa = PBXFileReference; fileEncoding = 4; lastKnownFileType = sourcecode.c.h; path = BJWorkspace.h; sourceTree = "<group>"; };
		81200C5E14DBF70C003EF101 /* BJWorkspace.mm */ = {isa = PBXFileReference; fileEncoding = 4; lastKnownFileType = sourcecode.cpp.objcpp; path = BJWorkspace.mm; sourceTree = "<group>"; };
		81200C5F14DBF70C003EF101 /* BJWorkspaceController.h */ = {isa = PBXFileReference; fileEncoding = 4; lastKnownFileType = sourcecode.c.h; path = BJWorkspaceController.h; sourceTree = "<group>"; };
		81200C6014DBF70C003EF101 /* BJWorkspaceController.mm */ = {isa = PBXFileReference; fileEncoding = 4; lastKnownFileType = sourcecode.cpp.objcpp; path = BJWorkspaceController.mm; sourceTree = "<group>"; };
		81200C6114DBF70C003EF101 /* vtkBJImagePlaneWidget.h */ = {isa = PBXFileReference; fileEncoding = 4; lastKnownFileType = sourcecode.c.h; path = vtkBJImagePlaneWidget.h; sourceTree = "<group>"; };
		81200C6214DBF70C003EF101 /* VTKSceneView.h */ = {isa = PBXFileReference; fileEncoding = 4; lastKnownFileType = sourcecode.c.h; path = VTKSceneView.h; sourceTree = "<group>"; };
		81200C6314DBF70C003EF101 /* VTKSceneView.mm */ = {isa = PBXFileReference; fileEncoding = 4; lastKnownFileType = sourcecode.cpp.objcpp; path = VTKSceneView.mm; sourceTree = "<group>"; };
		81200C6414DBF70C003EF101 /* VTKView.h */ = {isa = PBXFileReference; fileEncoding = 4; lastKnownFileType = sourcecode.c.h; path = VTKView.h; sourceTree = "<group>"; };
		81200C6514DBF70C003EF101 /* VTKView.mm */ = {isa = PBXFileReference; fileEncoding = 4; lastKnownFileType = sourcecode.cpp.objcpp; path = VTKView.mm; sourceTree = "<group>"; };
		81200C7B14DBF7C0003EF101 /* Todo.md */ = {isa = PBXFileReference; fileEncoding = 4; lastKnownFileType = text; path = Todo.md; sourceTree = "<group>"; };
		81200C7D14DBF96A003EF101 /* WorkspaceSaveSceneAsAccessoryView.xib */ = {isa = PBXFileReference; fileEncoding = 4; lastKnownFileType = file.xib; path = WorkspaceSaveSceneAsAccessoryView.xib; sourceTree = "<group>"; };
/* End PBXFileReference section */

/* Begin PBXFrameworksBuildPhase section */
		81200BF214DBF584003EF101 /* Frameworks */ = {
			isa = PBXFrameworksBuildPhase;
			buildActionMask = 2147483647;
			files = (
				81200BFA14DBF584003EF101 /* Cocoa.framework in Frameworks */,
			);
			runOnlyForDeploymentPostprocessing = 0;
		};
		81200C0A14DBF585003EF101 /* Frameworks */ = {
			isa = PBXFrameworksBuildPhase;
			buildActionMask = 2147483647;
			files = (
				81200C1014DBF585003EF101 /* SenTestingKit.framework in Frameworks */,
				81200C1114DBF585003EF101 /* Cocoa.framework in Frameworks */,
				81200C1414DBF585003EF101 /* Bunjee.framework in Frameworks */,
			);
			runOnlyForDeploymentPostprocessing = 0;
		};
		81200C2714DBF5E3003EF101 /* Frameworks */ = {
			isa = PBXFrameworksBuildPhase;
			buildActionMask = 2147483647;
			files = (
				81200C2C14DBF5E3003EF101 /* Cocoa.framework in Frameworks */,
			);
			runOnlyForDeploymentPostprocessing = 0;
		};
		81200C3814DBF5E3003EF101 /* Frameworks */ = {
			isa = PBXFrameworksBuildPhase;
			buildActionMask = 2147483647;
			files = (
				81200C3D14DBF5E3003EF101 /* SenTestingKit.framework in Frameworks */,
				81200C3E14DBF5E3003EF101 /* Cocoa.framework in Frameworks */,
				81200C4114DBF5E3003EF101 /* BunjeeUI.framework in Frameworks */,
			);
			runOnlyForDeploymentPostprocessing = 0;
		};
/* End PBXFrameworksBuildPhase section */

/* Begin PBXGroup section */
		81200BEA14DBF584003EF101 = {
			isa = PBXGroup;
			children = (
				81200BFF14DBF585003EF101 /* Bunjee */,
				81200C1514DBF585003EF101 /* BunjeeTests */,
				81200C2D14DBF5E3003EF101 /* BunjeeUI */,
				81200C4214DBF5E3003EF101 /* BunjeeUITests */,
				81200BF814DBF584003EF101 /* Frameworks */,
				81200BF714DBF584003EF101 /* Products */,
			);
			sourceTree = "<group>";
		};
		81200BF714DBF584003EF101 /* Products */ = {
			isa = PBXGroup;
			children = (
				81200BF614DBF584003EF101 /* Bunjee.framework */,
				81200C0E14DBF585003EF101 /* BunjeeTests.octest */,
				81200C2B14DBF5E3003EF101 /* BunjeeUI.framework */,
				81200C3C14DBF5E3003EF101 /* BunjeeUITests.octest */,
			);
			name = Products;
			sourceTree = "<group>";
		};
		81200BF814DBF584003EF101 /* Frameworks */ = {
			isa = PBXGroup;
			children = (
				81200BF914DBF584003EF101 /* Cocoa.framework */,
				81200C0F14DBF585003EF101 /* SenTestingKit.framework */,
				81200BFB14DBF584003EF101 /* Other Frameworks */,
			);
			name = Frameworks;
			sourceTree = "<group>";
		};
		81200BFB14DBF584003EF101 /* Other Frameworks */ = {
			isa = PBXGroup;
			children = (
				81200BFC14DBF584003EF101 /* AppKit.framework */,
				81200BFD14DBF585003EF101 /* CoreData.framework */,
				81200BFE14DBF585003EF101 /* Foundation.framework */,
			);
			name = "Other Frameworks";
			sourceTree = "<group>";
		};
		81200BFF14DBF585003EF101 /* Bunjee */ = {
			isa = PBXGroup;
			children = (
				81200C7B14DBF7C0003EF101 /* Todo.md */,
				81200C5114DBF70C003EF101 /* BJCase.h */,
				81200C5214DBF70C003EF101 /* BJCase.mm */,
				81200C5314DBF70C003EF101 /* BJController.h */,
				81200C5414DBF70C003EF101 /* BJController.mm */,
				81200C5514DBF70C003EF101 /* BJData.h */,
				81200C5614DBF70C003EF101 /* BJData.mm */,
				81200C5714DBF70C003EF101 /* BJDataDisplay.h */,
				81200C5814DBF70C003EF101 /* BJDataDisplay.mm */,
				81200C5914DBF70C003EF101 /* BJOperation.h */,
				81200C5A14DBF70C003EF101 /* BJOperation.m */,
				81200C5B14DBF70C003EF101 /* BJScene.h */,
				81200C5C14DBF70C003EF101 /* BJScene.mm */,
				81200C5D14DBF70C003EF101 /* BJWorkspace.h */,
				81200C5E14DBF70C003EF101 /* BJWorkspace.mm */,
				81200C5F14DBF70C003EF101 /* BJWorkspaceController.h */,
				81200C6014DBF70C003EF101 /* BJWorkspaceController.mm */,
				81200C6114DBF70C003EF101 /* vtkBJImagePlaneWidget.h */,
				81200C6214DBF70C003EF101 /* VTKSceneView.h */,
				81200C6314DBF70C003EF101 /* VTKSceneView.mm */,
				81200C6414DBF70C003EF101 /* VTKView.h */,
				81200C6514DBF70C003EF101 /* VTKView.mm */,
				81200C0614DBF585003EF101 /* Bunjee.h */,
				81200C0714DBF585003EF101 /* Bunjee.m */,
				81200C7F14DBF97C003EF101 /* Resources */,
				81200C0014DBF585003EF101 /* Supporting Files */,
			);
			path = Bunjee;
			sourceTree = "<group>";
		};
		81200C0014DBF585003EF101 /* Supporting Files */ = {
			isa = PBXGroup;
			children = (
				81200C0114DBF585003EF101 /* Bunjee-Info.plist */,
				81200C0214DBF585003EF101 /* InfoPlist.strings */,
				81200C0514DBF585003EF101 /* Bunjee-Prefix.pch */,
			);
			name = "Supporting Files";
			sourceTree = "<group>";
		};
		81200C1514DBF585003EF101 /* BunjeeTests */ = {
			isa = PBXGroup;
			children = (
				81200C1B14DBF585003EF101 /* BunjeeTests.h */,
				81200C1C14DBF585003EF101 /* BunjeeTests.m */,
				81200C1614DBF585003EF101 /* Supporting Files */,
			);
			path = BunjeeTests;
			sourceTree = "<group>";
		};
		81200C1614DBF585003EF101 /* Supporting Files */ = {
			isa = PBXGroup;
			children = (
				81200C1714DBF585003EF101 /* BunjeeTests-Info.plist */,
				81200C1814DBF585003EF101 /* InfoPlist.strings */,
			);
			name = "Supporting Files";
			sourceTree = "<group>";
		};
		81200C2D14DBF5E3003EF101 /* BunjeeUI */ = {
			isa = PBXGroup;
			children = (
				81200C3414DBF5E3003EF101 /* BunjeeUI.h */,
				81200C3514DBF5E3003EF101 /* BunjeeUI.m */,
				81200C2E14DBF5E3003EF101 /* Supporting Files */,
			);
			path = BunjeeUI;
			sourceTree = "<group>";
		};
		81200C2E14DBF5E3003EF101 /* Supporting Files */ = {
			isa = PBXGroup;
			children = (
				81200C2F14DBF5E3003EF101 /* BunjeeUI-Info.plist */,
				81200C3014DBF5E3003EF101 /* InfoPlist.strings */,
				81200C3314DBF5E3003EF101 /* BunjeeUI-Prefix.pch */,
			);
			name = "Supporting Files";
			sourceTree = "<group>";
		};
		81200C4214DBF5E3003EF101 /* BunjeeUITests */ = {
			isa = PBXGroup;
			children = (
				81200C4814DBF5E3003EF101 /* BunjeeUITests.h */,
				81200C4914DBF5E3003EF101 /* BunjeeUITests.m */,
				81200C4314DBF5E3003EF101 /* Supporting Files */,
			);
			path = BunjeeUITests;
			sourceTree = "<group>";
		};
		81200C4314DBF5E3003EF101 /* Supporting Files */ = {
			isa = PBXGroup;
			children = (
				81200C4414DBF5E3003EF101 /* BunjeeUITests-Info.plist */,
				81200C4514DBF5E3003EF101 /* InfoPlist.strings */,
			);
			name = "Supporting Files";
			sourceTree = "<group>";
		};
		81200C7F14DBF97C003EF101 /* Resources */ = {
			isa = PBXGroup;
			children = (
				81200C7D14DBF96A003EF101 /* WorkspaceSaveSceneAsAccessoryView.xib */,
			);
			name = Resources;
			sourceTree = "<group>";
		};
/* End PBXGroup section */

/* Begin PBXHeadersBuildPhase section */
		81200BF314DBF584003EF101 /* Headers */ = {
			isa = PBXHeadersBuildPhase;
			buildActionMask = 2147483647;
			files = (
				81200C6614DBF70C003EF101 /* BJCase.h in Headers */,
				81200C6814DBF70C003EF101 /* BJController.h in Headers */,
				81200C6A14DBF70C003EF101 /* BJData.h in Headers */,
				81200C6C14DBF70C003EF101 /* BJDataDisplay.h in Headers */,
				81200C6E14DBF70C003EF101 /* BJOperation.h in Headers */,
				81200C7014DBF70C003EF101 /* BJScene.h in Headers */,
				81200C7214DBF70C003EF101 /* BJWorkspace.h in Headers */,
				81200C7414DBF70C003EF101 /* BJWorkspaceController.h in Headers */,
				81200C7614DBF70C003EF101 /* vtkBJImagePlaneWidget.h in Headers */,
				81200C7714DBF70C003EF101 /* VTKSceneView.h in Headers */,
				81200C7914DBF70C003EF101 /* VTKView.h in Headers */,
			);
			runOnlyForDeploymentPostprocessing = 0;
		};
		81200C2814DBF5E3003EF101 /* Headers */ = {
			isa = PBXHeadersBuildPhase;
			buildActionMask = 2147483647;
			files = (
			);
			runOnlyForDeploymentPostprocessing = 0;
		};
/* End PBXHeadersBuildPhase section */

/* Begin PBXNativeTarget section */
		81200BF514DBF584003EF101 /* Bunjee */ = {
			isa = PBXNativeTarget;
			buildConfigurationList = 81200C2014DBF585003EF101 /* Build configuration list for PBXNativeTarget "Bunjee" */;
			buildPhases = (
				81200BF114DBF584003EF101 /* Sources */,
				81200BF214DBF584003EF101 /* Frameworks */,
				81200BF314DBF584003EF101 /* Headers */,
				81200BF414DBF584003EF101 /* Resources */,
			);
			buildRules = (
			);
			dependencies = (
			);
			name = Bunjee;
			productName = Bunjee;
			productReference = 81200BF614DBF584003EF101 /* Bunjee.framework */;
			productType = "com.apple.product-type.framework";
		};
		81200C0D14DBF585003EF101 /* BunjeeTests */ = {
			isa = PBXNativeTarget;
			buildConfigurationList = 81200C2314DBF585003EF101 /* Build configuration list for PBXNativeTarget "BunjeeTests" */;
			buildPhases = (
				81200C0914DBF585003EF101 /* Sources */,
				81200C0A14DBF585003EF101 /* Frameworks */,
				81200C0B14DBF585003EF101 /* Resources */,
				81200C0C14DBF585003EF101 /* ShellScript */,
			);
			buildRules = (
			);
			dependencies = (
				81200C1314DBF585003EF101 /* PBXTargetDependency */,
			);
			name = BunjeeTests;
			productName = BunjeeTests;
			productReference = 81200C0E14DBF585003EF101 /* BunjeeTests.octest */;
			productType = "com.apple.product-type.bundle";
		};
		81200C2A14DBF5E3003EF101 /* BunjeeUI */ = {
			isa = PBXNativeTarget;
			buildConfigurationList = 81200C4B14DBF5E3003EF101 /* Build configuration list for PBXNativeTarget "BunjeeUI" */;
			buildPhases = (
				81200C2614DBF5E3003EF101 /* Sources */,
				81200C2714DBF5E3003EF101 /* Frameworks */,
				81200C2814DBF5E3003EF101 /* Headers */,
				81200C2914DBF5E3003EF101 /* Resources */,
			);
			buildRules = (
			);
			dependencies = (
			);
			name = BunjeeUI;
			productName = BunjeeUI;
			productReference = 81200C2B14DBF5E3003EF101 /* BunjeeUI.framework */;
			productType = "com.apple.product-type.framework";
		};
		81200C3B14DBF5E3003EF101 /* BunjeeUITests */ = {
			isa = PBXNativeTarget;
			buildConfigurationList = 81200C4E14DBF5E3003EF101 /* Build configuration list for PBXNativeTarget "BunjeeUITests" */;
			buildPhases = (
				81200C3714DBF5E3003EF101 /* Sources */,
				81200C3814DBF5E3003EF101 /* Frameworks */,
				81200C3914DBF5E3003EF101 /* Resources */,
				81200C3A14DBF5E3003EF101 /* ShellScript */,
			);
			buildRules = (
			);
			dependencies = (
				81200C4014DBF5E3003EF101 /* PBXTargetDependency */,
			);
			name = BunjeeUITests;
			productName = BunjeeUITests;
			productReference = 81200C3C14DBF5E3003EF101 /* BunjeeUITests.octest */;
			productType = "com.apple.product-type.bundle";
		};
/* End PBXNativeTarget section */

/* Begin PBXProject section */
		81200BEC14DBF584003EF101 /* Project object */ = {
			isa = PBXProject;
			attributes = {
				LastUpgradeCheck = 0420;
				ORGANIZATIONNAME = "Orobix Srl";
			};
			buildConfigurationList = 81200BEF14DBF584003EF101 /* Build configuration list for PBXProject "Bunjee" */;
			compatibilityVersion = "Xcode 3.2";
			developmentRegion = English;
			hasScannedForEncodings = 0;
			knownRegions = (
				en,
			);
			mainGroup = 81200BEA14DBF584003EF101;
			productRefGroup = 81200BF714DBF584003EF101 /* Products */;
			projectDirPath = "";
			projectRoot = "";
			targets = (
				81200BF514DBF584003EF101 /* Bunjee */,
				81200C0D14DBF585003EF101 /* BunjeeTests */,
				81200C2A14DBF5E3003EF101 /* BunjeeUI */,
				81200C3B14DBF5E3003EF101 /* BunjeeUITests */,
			);
		};
/* End PBXProject section */

/* Begin PBXResourcesBuildPhase section */
		81200BF414DBF584003EF101 /* Resources */ = {
			isa = PBXResourcesBuildPhase;
			buildActionMask = 2147483647;
			files = (
				81200C0414DBF585003EF101 /* InfoPlist.strings in Resources */,
				81200C7C14DBF7C1003EF101 /* Todo.md in Resources */,
				81200C7E14DBF96B003EF101 /* WorkspaceSaveSceneAsAccessoryView.xib in Resources */,
			);
			runOnlyForDeploymentPostprocessing = 0;
		};
		81200C0B14DBF585003EF101 /* Resources */ = {
			isa = PBXResourcesBuildPhase;
			buildActionMask = 2147483647;
			files = (
				81200C1A14DBF585003EF101 /* InfoPlist.strings in Resources */,
			);
			runOnlyForDeploymentPostprocessing = 0;
		};
		81200C2914DBF5E3003EF101 /* Resources */ = {
			isa = PBXResourcesBuildPhase;
			buildActionMask = 2147483647;
			files = (
				81200C3214DBF5E3003EF101 /* InfoPlist.strings in Resources */,
			);
			runOnlyForDeploymentPostprocessing = 0;
		};
		81200C3914DBF5E3003EF101 /* Resources */ = {
			isa = PBXResourcesBuildPhase;
			buildActionMask = 2147483647;
			files = (
				81200C4714DBF5E3003EF101 /* InfoPlist.strings in Resources */,
			);
			runOnlyForDeploymentPostprocessing = 0;
		};
/* End PBXResourcesBuildPhase section */

/* Begin PBXShellScriptBuildPhase section */
		81200C0C14DBF585003EF101 /* ShellScript */ = {
			isa = PBXShellScriptBuildPhase;
			buildActionMask = 2147483647;
			files = (
			);
			inputPaths = (
			);
			outputPaths = (
			);
			runOnlyForDeploymentPostprocessing = 0;
			shellPath = /bin/sh;
			shellScript = "# Run the unit tests in this test bundle.\n\"${SYSTEM_DEVELOPER_DIR}/Tools/RunUnitTests\"\n";
		};
		81200C3A14DBF5E3003EF101 /* ShellScript */ = {
			isa = PBXShellScriptBuildPhase;
			buildActionMask = 2147483647;
			files = (
			);
			inputPaths = (
			);
			outputPaths = (
			);
			runOnlyForDeploymentPostprocessing = 0;
			shellPath = /bin/sh;
			shellScript = "# Run the unit tests in this test bundle.\n\"${SYSTEM_DEVELOPER_DIR}/Tools/RunUnitTests\"\n";
		};
/* End PBXShellScriptBuildPhase section */

/* Begin PBXSourcesBuildPhase section */
		81200BF114DBF584003EF101 /* Sources */ = {
			isa = PBXSourcesBuildPhase;
			buildActionMask = 2147483647;
			files = (
				81200C0814DBF585003EF101 /* Bunjee.m in Sources */,
				81200C6714DBF70C003EF101 /* BJCase.mm in Sources */,
				81200C6914DBF70C003EF101 /* BJController.mm in Sources */,
				81200C6B14DBF70C003EF101 /* BJData.mm in Sources */,
				81200C6D14DBF70C003EF101 /* BJDataDisplay.mm in Sources */,
				81200C6F14DBF70C003EF101 /* BJOperation.m in Sources */,
				81200C7114DBF70C003EF101 /* BJScene.mm in Sources */,
				81200C7314DBF70C003EF101 /* BJWorkspace.mm in Sources */,
				81200C7514DBF70C003EF101 /* BJWorkspaceController.mm in Sources */,
				81200C7814DBF70C003EF101 /* VTKSceneView.mm in Sources */,
				81200C7A14DBF70C003EF101 /* VTKView.mm in Sources */,
			);
			runOnlyForDeploymentPostprocessing = 0;
		};
		81200C0914DBF585003EF101 /* Sources */ = {
			isa = PBXSourcesBuildPhase;
			buildActionMask = 2147483647;
			files = (
				81200C1D14DBF585003EF101 /* BunjeeTests.m in Sources */,
			);
			runOnlyForDeploymentPostprocessing = 0;
		};
		81200C2614DBF5E3003EF101 /* Sources */ = {
			isa = PBXSourcesBuildPhase;
			buildActionMask = 2147483647;
			files = (
				81200C3614DBF5E3003EF101 /* BunjeeUI.m in Sources */,
			);
			runOnlyForDeploymentPostprocessing = 0;
		};
		81200C3714DBF5E3003EF101 /* Sources */ = {
			isa = PBXSourcesBuildPhase;
			buildActionMask = 2147483647;
			files = (
				81200C4A14DBF5E3003EF101 /* BunjeeUITests.m in Sources */,
			);
			runOnlyForDeploymentPostprocessing = 0;
		};
/* End PBXSourcesBuildPhase section */

/* Begin PBXTargetDependency section */
		81200C1314DBF585003EF101 /* PBXTargetDependency */ = {
			isa = PBXTargetDependency;
			target = 81200BF514DBF584003EF101 /* Bunjee */;
			targetProxy = 81200C1214DBF585003EF101 /* PBXContainerItemProxy */;
		};
		81200C4014DBF5E3003EF101 /* PBXTargetDependency */ = {
			isa = PBXTargetDependency;
			target = 81200C2A14DBF5E3003EF101 /* BunjeeUI */;
			targetProxy = 81200C3F14DBF5E3003EF101 /* PBXContainerItemProxy */;
		};
/* End PBXTargetDependency section */

/* Begin PBXVariantGroup section */
		81200C0214DBF585003EF101 /* InfoPlist.strings */ = {
			isa = PBXVariantGroup;
			children = (
				81200C0314DBF585003EF101 /* en */,
			);
			name = InfoPlist.strings;
			sourceTree = "<group>";
		};
		81200C1814DBF585003EF101 /* InfoPlist.strings */ = {
			isa = PBXVariantGroup;
			children = (
				81200C1914DBF585003EF101 /* en */,
			);
			name = InfoPlist.strings;
			sourceTree = "<group>";
		};
		81200C3014DBF5E3003EF101 /* InfoPlist.strings */ = {
			isa = PBXVariantGroup;
			children = (
				81200C3114DBF5E3003EF101 /* en */,
			);
			name = InfoPlist.strings;
			sourceTree = "<group>";
		};
		81200C4514DBF5E3003EF101 /* InfoPlist.strings */ = {
			isa = PBXVariantGroup;
			children = (
				81200C4614DBF5E3003EF101 /* en */,
			);
			name = InfoPlist.strings;
			sourceTree = "<group>";
		};
/* End PBXVariantGroup section */

/* Begin XCBuildConfiguration section */
		81200C1E14DBF585003EF101 /* Debug */ = {
			isa = XCBuildConfiguration;
			buildSettings = {
				ALWAYS_SEARCH_USER_PATHS = NO;
				ARCHS = "$(ARCHS_STANDARD_64_BIT)";
				CLANG_ENABLE_OBJC_ARC = YES;
				COPY_PHASE_STRIP = NO;
				GCC_C_LANGUAGE_STANDARD = gnu99;
				GCC_DYNAMIC_NO_PIC = NO;
				GCC_ENABLE_OBJC_EXCEPTIONS = YES;
				GCC_OPTIMIZATION_LEVEL = 0;
				GCC_PREPROCESSOR_DEFINITIONS = (
					"DEBUG=1",
					"$(inherited)",
				);
				GCC_SYMBOLS_PRIVATE_EXTERN = NO;
				GCC_VERSION = com.apple.compilers.llvm.clang.1_0;
				GCC_WARN_64_TO_32_BIT_CONVERSION = YES;
				GCC_WARN_ABOUT_MISSING_PROTOTYPES = YES;
				GCC_WARN_ABOUT_RETURN_TYPE = YES;
				GCC_WARN_UNUSED_VARIABLE = YES;
				MACOSX_DEPLOYMENT_TARGET = 10.7;
				ONLY_ACTIVE_ARCH = YES;
				SDKROOT = macosx;
			};
			name = Debug;
		};
		81200C1F14DBF585003EF101 /* Release */ = {
			isa = XCBuildConfiguration;
			buildSettings = {
				ALWAYS_SEARCH_USER_PATHS = NO;
				ARCHS = "$(ARCHS_STANDARD_64_BIT)";
				CLANG_ENABLE_OBJC_ARC = YES;
				COPY_PHASE_STRIP = YES;
				DEBUG_INFORMATION_FORMAT = "dwarf-with-dsym";
				GCC_C_LANGUAGE_STANDARD = gnu99;
				GCC_ENABLE_OBJC_EXCEPTIONS = YES;
				GCC_VERSION = com.apple.compilers.llvm.clang.1_0;
				GCC_WARN_64_TO_32_BIT_CONVERSION = YES;
				GCC_WARN_ABOUT_MISSING_PROTOTYPES = YES;
				GCC_WARN_ABOUT_RETURN_TYPE = YES;
				GCC_WARN_UNUSED_VARIABLE = YES;
				MACOSX_DEPLOYMENT_TARGET = 10.7;
				SDKROOT = macosx;
			};
			name = Release;
		};
		81200C2114DBF585003EF101 /* Debug */ = {
			isa = XCBuildConfiguration;
			buildSettings = {
				DYLIB_COMPATIBILITY_VERSION = 1;
				DYLIB_CURRENT_VERSION = 1;
				FRAMEWORK_VERSION = A;
				GCC_PRECOMPILE_PREFIX_HEADER = YES;
				GCC_PREFIX_HEADER = "Bunjee/Bunjee-Prefix.pch";
				INFOPLIST_FILE = "Bunjee/Bunjee-Info.plist";
				PRODUCT_NAME = "$(TARGET_NAME)";
				WRAPPER_EXTENSION = framework;
			};
			name = Debug;
		};
		81200C2214DBF585003EF101 /* Release */ = {
			isa = XCBuildConfiguration;
			buildSettings = {
				DYLIB_COMPATIBILITY_VERSION = 1;
				DYLIB_CURRENT_VERSION = 1;
				FRAMEWORK_VERSION = A;
				GCC_PRECOMPILE_PREFIX_HEADER = YES;
				GCC_PREFIX_HEADER = "Bunjee/Bunjee-Prefix.pch";
				INFOPLIST_FILE = "Bunjee/Bunjee-Info.plist";
				PRODUCT_NAME = "$(TARGET_NAME)";
				WRAPPER_EXTENSION = framework;
			};
			name = Release;
		};
		81200C2414DBF585003EF101 /* Debug */ = {
			isa = XCBuildConfiguration;
			buildSettings = {
				FRAMEWORK_SEARCH_PATHS = "$(DEVELOPER_LIBRARY_DIR)/Frameworks";
				GCC_PRECOMPILE_PREFIX_HEADER = YES;
				GCC_PREFIX_HEADER = "Bunjee/Bunjee-Prefix.pch";
				INFOPLIST_FILE = "BunjeeTests/BunjeeTests-Info.plist";
				PRODUCT_NAME = "$(TARGET_NAME)";
				WRAPPER_EXTENSION = octest;
			};
			name = Debug;
		};
		81200C2514DBF585003EF101 /* Release */ = {
			isa = XCBuildConfiguration;
			buildSettings = {
				FRAMEWORK_SEARCH_PATHS = "$(DEVELOPER_LIBRARY_DIR)/Frameworks";
				GCC_PRECOMPILE_PREFIX_HEADER = YES;
				GCC_PREFIX_HEADER = "Bunjee/Bunjee-Prefix.pch";
				INFOPLIST_FILE = "BunjeeTests/BunjeeTests-Info.plist";
				PRODUCT_NAME = "$(TARGET_NAME)";
				WRAPPER_EXTENSION = octest;
			};
			name = Release;
		};
		81200C4C14DBF5E3003EF101 /* Debug */ = {
			isa = XCBuildConfiguration;
			buildSettings = {
				DYLIB_COMPATIBILITY_VERSION = 1;
				DYLIB_CURRENT_VERSION = 1;
				FRAMEWORK_VERSION = A;
				GCC_PRECOMPILE_PREFIX_HEADER = YES;
				GCC_PREFIX_HEADER = "BunjeeUI/BunjeeUI-Prefix.pch";
				INFOPLIST_FILE = "BunjeeUI/BunjeeUI-Info.plist";
				PRODUCT_NAME = "$(TARGET_NAME)";
				WRAPPER_EXTENSION = framework;
			};
			name = Debug;
		};
		81200C4D14DBF5E3003EF101 /* Release */ = {
			isa = XCBuildConfiguration;
			buildSettings = {
				DYLIB_COMPATIBILITY_VERSION = 1;
				DYLIB_CURRENT_VERSION = 1;
				FRAMEWORK_VERSION = A;
				GCC_PRECOMPILE_PREFIX_HEADER = YES;
				GCC_PREFIX_HEADER = "BunjeeUI/BunjeeUI-Prefix.pch";
				INFOPLIST_FILE = "BunjeeUI/BunjeeUI-Info.plist";
				PRODUCT_NAME = "$(TARGET_NAME)";
				WRAPPER_EXTENSION = framework;
			};
			name = Release;
		};
		81200C4F14DBF5E3003EF101 /* Debug */ = {
			isa = XCBuildConfiguration;
			buildSettings = {
				FRAMEWORK_SEARCH_PATHS = "$(DEVELOPER_LIBRARY_DIR)/Frameworks";
				GCC_PRECOMPILE_PREFIX_HEADER = YES;
				GCC_PREFIX_HEADER = "BunjeeUI/BunjeeUI-Prefix.pch";
				INFOPLIST_FILE = "BunjeeUITests/BunjeeUITests-Info.plist";
				PRODUCT_NAME = "$(TARGET_NAME)";
				WRAPPER_EXTENSION = octest;
			};
			name = Debug;
		};
		81200C5014DBF5E3003EF101 /* Release */ = {
			isa = XCBuildConfiguration;
			buildSettings = {
				FRAMEWORK_SEARCH_PATHS = "$(DEVELOPER_LIBRARY_DIR)/Frameworks";
				GCC_PRECOMPILE_PREFIX_HEADER = YES;
				GCC_PREFIX_HEADER = "BunjeeUI/BunjeeUI-Prefix.pch";
				INFOPLIST_FILE = "BunjeeUITests/BunjeeUITests-Info.plist";
				PRODUCT_NAME = "$(TARGET_NAME)";
				WRAPPER_EXTENSION = octest;
			};
			name = Release;
		};
/* End XCBuildConfiguration section */

/* Begin XCConfigurationList section */
		81200BEF14DBF584003EF101 /* Build configuration list for PBXProject "Bunjee" */ = {
			isa = XCConfigurationList;
			buildConfigurations = (
				81200C1E14DBF585003EF101 /* Debug */,
				81200C1F14DBF585003EF101 /* Release */,
			);
			defaultConfigurationIsVisible = 0;
			defaultConfigurationName = Release;
		};
		81200C2014DBF585003EF101 /* Build configuration list for PBXNativeTarget "Bunjee" */ = {
			isa = XCConfigurationList;
			buildConfigurations = (
				81200C2114DBF585003EF101 /* Debug */,
				81200C2214DBF585003EF101 /* Release */,
			);
			defaultConfigurationIsVisible = 0;
		};
		81200C2314DBF585003EF101 /* Build configuration list for PBXNativeTarget "BunjeeTests" */ = {
			isa = XCConfigurationList;
			buildConfigurations = (
				81200C2414DBF585003EF101 /* Debug */,
				81200C2514DBF585003EF101 /* Release */,
			);
			defaultConfigurationIsVisible = 0;
		};
		81200C4B14DBF5E3003EF101 /* Build configuration list for PBXNativeTarget "BunjeeUI" */ = {
			isa = XCConfigurationList;
			buildConfigurations = (
				81200C4C14DBF5E3003EF101 /* Debug */,
				81200C4D14DBF5E3003EF101 /* Release */,
			);
			defaultConfigurationIsVisible = 0;
		};
		81200C4E14DBF5E3003EF101 /* Build configuration list for PBXNativeTarget "BunjeeUITests" */ = {
			isa = XCConfigurationList;
			buildConfigurations = (
				81200C4F14DBF5E3003EF101 /* Debug */,
				81200C5014DBF5E3003EF101 /* Release */,
			);
			defaultConfigurationIsVisible = 0;
		};
/* End XCConfigurationList section */
	};
	rootObject = 81200BEC14DBF584003EF101 /* Project object */;
}
